
Microsoft Visual Studio Solution File, Format Version 12.00
# Visual Studio Version 16
VisualStudioVersion = 16.0.31025.194
MinimumVisualStudioVersion = 10.0.40219.1
Project("{FAE04EC0-301F-11D3-BF4B-00C04F79EFBC}") = "Chapter04_test", "Chapter04_test\Chapter04_test.csproj", "{647B5F54-6BBB-4B5A-8CAA-4EB36CC3B5B9}"
EndProject
Global
	GlobalSection(SolutionConfigurationPlatforms) = preSolution
		Debug|Any CPU = Debug|Any CPU
		Release|Any CPU = Release|Any CPU
	EndGlobalSection
	GlobalSection(ProjectConfigurationPlatforms) = postSolution
		{647B5F54-6BBB-4B5A-8CAA-4EB36CC3B5B9}.Debug|Any CPU.ActiveCfg = Debug|Any CPU
		{647B5F54-6BBB-4B5A-8CAA-4EB36CC3B5B9}.Debug|Any CPU.Build.0 = Debug|Any CPU
		{647B5F54-6BBB-4B5A-8CAA-4EB36CC3B5B9}.Release|Any CPU.ActiveCfg = Release|Any CPU
		{647B5F54-6BBB-4B5A-8CAA-4EB36CC3B5B9}.Release|Any CPU.Build.0 = Release|Any CPU
	EndGlobalSection
	GlobalSection(SolutionProperties) = preSolution
		HideSolutionNode = FALSE
	EndGlobalSection
	GlobalSection(ExtensibilityGlobals) = postSolution
		SolutionGuid = {F9A603EE-9BEC-402B-BDEE-7F5A96C7ACA3}
	EndGlobalSection
EndGlobal
