
Microsoft Visual Studio Solution File, Format Version 12.00
# Visual Studio Version 16
VisualStudioVersion = 16.0.30717.126
MinimumVisualStudioVersion = 10.0.40219.1
Project("{FAE04EC0-301F-11D3-BF4B-00C04F79EFBC}") = "Test_1210", "Test_1210\Test_1210.csproj", "{F3E17935-0713-4819-9CE7-5CB240DCCEFB}"
EndProject
Global
	GlobalSection(SolutionConfigurationPlatforms) = preSolution
		Debug|Any CPU = Debug|Any CPU
		Release|Any CPU = Release|Any CPU
	EndGlobalSection
	GlobalSection(ProjectConfigurationPlatforms) = postSolution
		{F3E17935-0713-4819-9CE7-5CB240DCCEFB}.Debug|Any CPU.ActiveCfg = Debug|Any CPU
		{F3E17935-0713-4819-9CE7-5CB240DCCEFB}.Debug|Any CPU.Build.0 = Debug|Any CPU
		{F3E17935-0713-4819-9CE7-5CB240DCCEFB}.Release|Any CPU.ActiveCfg = Release|Any CPU
		{F3E17935-0713-4819-9CE7-5CB240DCCEFB}.Release|Any CPU.Build.0 = Release|Any CPU
	EndGlobalSection
	GlobalSection(SolutionProperties) = preSolution
		HideSolutionNode = FALSE
	EndGlobalSection
	GlobalSection(ExtensibilityGlobals) = postSolution
		SolutionGuid = {D14909D5-649B-4C8B-A05D-523E3E9C4BA1}
	EndGlobalSection
EndGlobal
